
Microsoft Visual Studio Solution File, Format Version 12.00
# Visual Studio Version 17
VisualStudioVersion = 17.0.31903.59
MinimumVisualStudioVersion = 10.0.40219.1
Project("{2150E333-8FDC-42A3-9474-1A3956D46DE8}") = "src", "src", "{827E0CD3-B72D-47B6-A68D-7590B98EB39B}"
EndProject
Project("{FAE04EC0-301F-11D3-BF4B-00C04F79EFBC}") = "MontageMonitor.Server", "src\MontageMonitor.Server\MontageMonitor.Server.csproj", "{B6368EDA-A515-4D63-A9F3-A6BC2F7F9B15}"
EndProject
Project("{FAE04EC0-301F-11D3-BF4B-00C04F79EFBC}") = "MontageMonitor.Shared", "src\MontageMonitor.Shared\MontageMonitor.Shared.csproj", "{D11C4417-6A96-45EC-8EA3-0AE538831A69}"
EndProject
Project("{FAE04EC0-301F-11D3-BF4B-00C04F79EFBC}") = "MontageMonitor.Agent", "src\MontageMonitor.Agent\MontageMonitor.Agent.csproj", "{62DFD9C8-740A-4FC0-A4F8-6C74087ACDFD}"
EndProject
Project("{2150E333-8FDC-42A3-9474-1A3956D46DE8}") = "tests", "tests", "{50A03447-17DA-42BF-8FB2-17608E38B096}"
EndProject
Project("{FAE04EC0-301F-11D3-BF4B-00C04F79EFBC}") = "MontageMonitor.Agent.Tests", "tests\MontageMonitor.Agent.Tests\MontageMonitor.Agent.Tests.csproj", "{BB19CB43-F651-4AF5-BB8C-6323BD9AF93C}"
EndProject
Global
	GlobalSection(SolutionConfigurationPlatforms) = preSolution
		Debug|Any CPU = Debug|Any CPU
		Debug|x64 = Debug|x64
		Debug|x86 = Debug|x86
		Release|Any CPU = Release|Any CPU
		Release|x64 = Release|x64
		Release|x86 = Release|x86
	EndGlobalSection
	GlobalSection(ProjectConfigurationPlatforms) = postSolution
		{B6368EDA-A515-4D63-A9F3-A6BC2F7F9B15}.Debug|Any CPU.ActiveCfg = Debug|Any CPU
		{B6368EDA-A515-4D63-A9F3-A6BC2F7F9B15}.Debug|Any CPU.Build.0 = Debug|Any CPU
		{B6368EDA-A515-4D63-A9F3-A6BC2F7F9B15}.Debug|x64.ActiveCfg = Debug|Any CPU
		{B6368EDA-A515-4D63-A9F3-A6BC2F7F9B15}.Debug|x64.Build.0 = Debug|Any CPU
		{B6368EDA-A515-4D63-A9F3-A6BC2F7F9B15}.Debug|x86.ActiveCfg = Debug|Any CPU
		{B6368EDA-A515-4D63-A9F3-A6BC2F7F9B15}.Debug|x86.Build.0 = Debug|Any CPU
		{B6368EDA-A515-4D63-A9F3-A6BC2F7F9B15}.Release|Any CPU.ActiveCfg = Release|Any CPU
		{B6368EDA-A515-4D63-A9F3-A6BC2F7F9B15}.Release|Any CPU.Build.0 = Release|Any CPU
		{B6368EDA-A515-4D63-A9F3-A6BC2F7F9B15}.Release|x64.ActiveCfg = Release|Any CPU
		{B6368EDA-A515-4D63-A9F3-A6BC2F7F9B15}.Release|x64.Build.0 = Release|Any CPU
		{B6368EDA-A515-4D63-A9F3-A6BC2F7F9B15}.Release|x86.ActiveCfg = Release|Any CPU
		{B6368EDA-A515-4D63-A9F3-A6BC2F7F9B15}.Release|x86.Build.0 = Release|Any CPU
		{D11C4417-6A96-45EC-8EA3-0AE538831A69}.Debug|Any CPU.ActiveCfg = Debug|Any CPU
		{D11C4417-6A96-45EC-8EA3-0AE538831A69}.Debug|Any CPU.Build.0 = Debug|Any CPU
		{D11C4417-6A96-45EC-8EA3-0AE538831A69}.Debug|x64.ActiveCfg = Debug|Any CPU
		{D11C4417-6A96-45EC-8EA3-0AE538831A69}.Debug|x64.Build.0 = Debug|Any CPU
		{D11C4417-6A96-45EC-8EA3-0AE538831A69}.Debug|x86.ActiveCfg = Debug|Any CPU
		{D11C4417-6A96-45EC-8EA3-0AE538831A69}.Debug|x86.Build.0 = Debug|Any CPU
		{D11C4417-6A96-45EC-8EA3-0AE538831A69}.Release|Any CPU.ActiveCfg = Release|Any CPU
		{D11C4417-6A96-45EC-8EA3-0AE538831A69}.Release|Any CPU.Build.0 = Release|Any CPU
		{D11C4417-6A96-45EC-8EA3-0AE538831A69}.Release|x64.ActiveCfg = Release|Any CPU
		{D11C4417-6A96-45EC-8EA3-0AE538831A69}.Release|x64.Build.0 = Release|Any CPU
		{D11C4417-6A96-45EC-8EA3-0AE538831A69}.Release|x86.ActiveCfg = Release|Any CPU
		{D11C4417-6A96-45EC-8EA3-0AE538831A69}.Release|x86.Build.0 = Release|Any CPU
		{62DFD9C8-740A-4FC0-A4F8-6C74087ACDFD}.Debug|Any CPU.ActiveCfg = Debug|Any CPU
		{62DFD9C8-740A-4FC0-A4F8-6C74087ACDFD}.Debug|Any CPU.Build.0 = Debug|Any CPU
		{62DFD9C8-740A-4FC0-A4F8-6C74087ACDFD}.Debug|x64.ActiveCfg = Debug|Any CPU
		{62DFD9C8-740A-4FC0-A4F8-6C74087ACDFD}.Debug|x64.Build.0 = Debug|Any CPU
		{62DFD9C8-740A-4FC0-A4F8-6C74087ACDFD}.Debug|x86.ActiveCfg = Debug|Any CPU
		{62DFD9C8-740A-4FC0-A4F8-6C74087ACDFD}.Debug|x86.Build.0 = Debug|Any CPU
		{62DFD9C8-740A-4FC0-A4F8-6C74087ACDFD}.Release|Any CPU.ActiveCfg = Release|Any CPU
		{62DFD9C8-740A-4FC0-A4F8-6C74087ACDFD}.Release|Any CPU.Build.0 = Release|Any CPU
		{62DFD9C8-740A-4FC0-A4F8-6C74087ACDFD}.Release|x64.ActiveCfg = Release|Any CPU
		{62DFD9C8-740A-4FC0-A4F8-6C74087ACDFD}.Release|x64.Build.0 = Release|Any CPU
		{62DFD9C8-740A-4FC0-A4F8-6C74087ACDFD}.Release|x86.ActiveCfg = Release|Any CPU
		{62DFD9C8-740A-4FC0-A4F8-6C74087ACDFD}.Release|x86.Build.0 = Release|Any CPU
		{BB19CB43-F651-4AF5-BB8C-6323BD9AF93C}.Debug|Any CPU.ActiveCfg = Debug|Any CPU
		{BB19CB43-F651-4AF5-BB8C-6323BD9AF93C}.Debug|Any CPU.Build.0 = Debug|Any CPU
		{BB19CB43-F651-4AF5-BB8C-6323BD9AF93C}.Debug|x64.ActiveCfg = Debug|Any CPU
		{BB19CB43-F651-4AF5-BB8C-6323BD9AF93C}.Debug|x64.Build.0 = Debug|Any CPU
		{BB19CB43-F651-4AF5-BB8C-6323BD9AF93C}.Debug|x86.ActiveCfg = Debug|Any CPU
		{BB19CB43-F651-4AF5-BB8C-6323BD9AF93C}.Debug|x86.Build.0 = Debug|Any CPU
		{BB19CB43-F651-4AF5-BB8C-6323BD9AF93C}.Release|Any CPU.ActiveCfg = Release|Any CPU
		{BB19CB43-F651-4AF5-BB8C-6323BD9AF93C}.Release|Any CPU.Build.0 = Release|Any CPU
		{BB19CB43-F651-4AF5-BB8C-6323BD9AF93C}.Release|x64.ActiveCfg = Release|Any CPU
		{BB19CB43-F651-4AF5-BB8C-6323BD9AF93C}.Release|x64.Build.0 = Release|Any CPU
		{BB19CB43-F651-4AF5-BB8C-6323BD9AF93C}.Release|x86.ActiveCfg = Release|Any CPU
		{BB19CB43-F651-4AF5-BB8C-6323BD9AF93C}.Release|x86.Build.0 = Release|Any CPU
	EndGlobalSection
	GlobalSection(SolutionProperties) = preSolution
		HideSolutionNode = FALSE
	EndGlobalSection
	GlobalSection(NestedProjects) = preSolution
		{B6368EDA-A515-4D63-A9F3-A6BC2F7F9B15} = {827E0CD3-B72D-47B6-A68D-7590B98EB39B}
		{D11C4417-6A96-45EC-8EA3-0AE538831A69} = {827E0CD3-B72D-47B6-A68D-7590B98EB39B}
		{62DFD9C8-740A-4FC0-A4F8-6C74087ACDFD} = {827E0CD3-B72D-47B6-A68D-7590B98EB39B}
		{BB19CB43-F651-4AF5-BB8C-6323BD9AF93C} = {50A03447-17DA-42BF-8FB2-17608E38B096}
	EndGlobalSection
EndGlobal
